// !$*UTF8*$!
{
	archiveVersion = 1;
	classes = {
	};
	objectVersion = 51;
	objects = {

/* Begin PBXBuildFile section */
		30C328002499438400C9D0ED /* AppDelegate.swift in Sources */ = {isa = PBXBuildFile; fileRef = 30C327FF2499438400C9D0ED /* AppDelegate.swift */; };
		30C328022499438400C9D0ED /* SceneDelegate.swift in Sources */ = {isa = PBXBuildFile; fileRef = 30C328012499438400C9D0ED /* SceneDelegate.swift */; };
		30C328042499438400C9D0ED /* ViewController.swift in Sources */ = {isa = PBXBuildFile; fileRef = 30C328032499438400C9D0ED /* ViewController.swift */; };
		30C328072499438400C9D0ED /* Main.storyboard in Resources */ = {isa = PBXBuildFile; fileRef = 30C328052499438400C9D0ED /* Main.storyboard */; };
		30C328092499438500C9D0ED /* Assets.xcassets in Resources */ = {isa = PBXBuildFile; fileRef = 30C328082499438500C9D0ED /* Assets.xcassets */; };
		30C3280C2499438500C9D0ED /* LaunchScreen.storyboard in Resources */ = {isa = PBXBuildFile; fileRef = 30C3280A2499438500C9D0ED /* LaunchScreen.storyboard */; };
		D423F2A0330C46975D87A068 /* Pods_HW2_9_Task_1.framework in Frameworks */ = {isa = PBXBuildFile; fileRef = 77823440811DEBFD75D094C7 /* Pods_HW2_9_Task_1.framework */; };
/* End PBXBuildFile section */

/* Begin PBXFileReference section */
		30C327FC2499438400C9D0ED /* HW2_9_Task_1.app */ = {isa = PBXFileReference; explicitFileType = wrapper.application; includeInIndex = 0; path = HW2_9_Task_1.app; sourceTree = BUILT_PRODUCTS_DIR; };
		30C327FF2499438400C9D0ED /* AppDelegate.swift */ = {isa = PBXFileReference; lastKnownFileType = sourcecode.swift; path = AppDelegate.swift; sourceTree = "<group>"; };
		30C328012499438400C9D0ED /* SceneDelegate.swift */ = {isa = PBXFileReference; lastKnownFileType = sourcecode.swift; path = SceneDelegate.swift; sourceTree = "<group>"; };
		30C328032499438400C9D0ED /* ViewController.swift */ = {isa = PBXFileReference; lastKnownFileType = sourcecode.swift; path = ViewController.swift; sourceTree = "<group>"; };
		30C328062499438400C9D0ED /* Base */ = {isa = PBXFileReference; lastKnownFileType = file.storyboard; name = Base; path = Base.lproj/Main.storyboard; sourceTree = "<group>"; };
		30C328082499438500C9D0ED /* Assets.xcassets */ = {isa = PBXFileReference; lastKnownFileType = folder.assetcatalog; path = Assets.xcassets; sourceTree = "<group>"; };
		30C3280B2499438500C9D0ED /* Base */ = {isa = PBXFileReference; lastKnownFileType = file.storyboard; name = Base; path = Base.lproj/LaunchScreen.storyboard; sourceTree = "<group>"; };
		30C3280D2499438500C9D0ED /* Info.plist */ = {isa = PBXFileReference; lastKnownFileType = text.plist.xml; path = Info.plist; sourceTree = "<group>"; };
		46E26E72B4D446979AA4E873 /* Pods-HW2_9_Task_1.release.xcconfig */ = {isa = PBXFileReference; includeInIndex = 1; lastKnownFileType = text.xcconfig; name = "Pods-HW2_9_Task_1.release.xcconfig"; path = "Target Support Files/Pods-HW2_9_Task_1/Pods-HW2_9_Task_1.release.xcconfig"; sourceTree = "<group>"; };
		77823440811DEBFD75D094C7 /* Pods_HW2_9_Task_1.framework */ = {isa = PBXFileReference; explicitFileType = wrapper.framework; includeInIndex = 0; path = Pods_HW2_9_Task_1.framework; sourceTree = BUILT_PRODUCTS_DIR; };
		AC7342CBE5C7EFE50EBEE1FF /* Pods-HW2_9_Task_1.debug.xcconfig */ = {isa = PBXFileReference; includeInIndex = 1; lastKnownFileType = text.xcconfig; name = "Pods-HW2_9_Task_1.debug.xcconfig"; path = "Target Support Files/Pods-HW2_9_Task_1/Pods-HW2_9_Task_1.debug.xcconfig"; sourceTree = "<group>"; };
/* End PBXFileReference section */

/* Begin PBXFrameworksBuildPhase section */
		30C327F92499438400C9D0ED /* Frameworks */ = {
			isa = PBXFrameworksBuildPhase;
			buildActionMask = 2147483647;
			files = (
				D423F2A0330C46975D87A068 /* Pods_HW2_9_Task_1.framework in Frameworks */,
			);
			runOnlyForDeploymentPostprocessing = 0;
		};
/* End PBXFrameworksBuildPhase section */

/* Begin PBXGroup section */
		30C327F32499438400C9D0ED = {
			isa = PBXGroup;
			children = (
				30C327FE2499438400C9D0ED /* HW2_9_Task_1 */,
				30C327FD2499438400C9D0ED /* Products */,
				C419DB386EF9C80075CC9AFF /* Pods */,
				974AB5ABC60D399F1A7ED5FF /* Frameworks */,
			);
			sourceTree = "<group>";
		};
		30C327FD2499438400C9D0ED /* Products */ = {
			isa = PBXGroup;
			children = (
				30C327FC2499438400C9D0ED /* HW2_9_Task_1.app */,
			);
			name = Products;
			sourceTree = "<group>";
		};
		30C327FE2499438400C9D0ED /* HW2_9_Task_1 */ = {
			isa = PBXGroup;
			children = (
				30C328162499497D00C9D0ED /* ViewControllers */,
				30C328132499492E00C9D0ED /* Storyboards */,
				30C328142499494B00C9D0ED /* SupportingFiles */,
				30C328152499496B00C9D0ED /* Sources */,
			);
			path = HW2_9_Task_1;
			sourceTree = "<group>";
		};
		30C328132499492E00C9D0ED /* Storyboards */ = {
			isa = PBXGroup;
			children = (
				30C328052499438400C9D0ED /* Main.storyboard */,
				30C3280A2499438500C9D0ED /* LaunchScreen.storyboard */,
			);
			path = Storyboards;
			sourceTree = "<group>";
		};
		30C328142499494B00C9D0ED /* SupportingFiles */ = {
			isa = PBXGroup;
			children = (
				30C327FF2499438400C9D0ED /* AppDelegate.swift */,
				30C328012499438400C9D0ED /* SceneDelegate.swift */,
				30C3280D2499438500C9D0ED /* Info.plist */,
			);
			path = SupportingFiles;
			sourceTree = "<group>";
		};
		30C328152499496B00C9D0ED /* Sources */ = {
			isa = PBXGroup;
			children = (
				30C328082499438500C9D0ED /* Assets.xcassets */,
			);
			path = Sources;
			sourceTree = "<group>";
		};
		30C328162499497D00C9D0ED /* ViewControllers */ = {
			isa = PBXGroup;
			children = (
				30C328032499438400C9D0ED /* ViewController.swift */,
			);
			path = ViewControllers;
			sourceTree = "<group>";
		};
		974AB5ABC60D399F1A7ED5FF /* Frameworks */ = {
			isa = PBXGroup;
			children = (
				77823440811DEBFD75D094C7 /* Pods_HW2_9_Task_1.framework */,
			);
			name = Frameworks;
			sourceTree = "<group>";
		};
		C419DB386EF9C80075CC9AFF /* Pods */ = {
			isa = PBXGroup;
			children = (
				AC7342CBE5C7EFE50EBEE1FF /* Pods-HW2_9_Task_1.debug.xcconfig */,
				46E26E72B4D446979AA4E873 /* Pods-HW2_9_Task_1.release.xcconfig */,
			);
			path = Pods;
			sourceTree = "<group>";
		};
/* End PBXGroup section */

/* Begin PBXNativeTarget section */
		30C327FB2499438400C9D0ED /* HW2_9_Task_1 */ = {
			isa = PBXNativeTarget;
			buildConfigurationList = 30C328102499438500C9D0ED /* Build configuration list for PBXNativeTarget "HW2_9_Task_1" */;
			buildPhases = (
				28CEA20A3A00C0BBFBEDDAFF /* [CP] Check Pods Manifest.lock */,
				30C327F82499438400C9D0ED /* Sources */,
				30C327F92499438400C9D0ED /* Frameworks */,
				30C327FA2499438400C9D0ED /* Resources */,
				AFA58AF82FA2AC0852808A6B /* [CP] Embed Pods Frameworks */,
			);
			buildRules = (
			);
			dependencies = (
			);
			name = HW2_9_Task_1;
			productName = HW2_9_Task_1;
			productReference = 30C327FC2499438400C9D0ED /* HW2_9_Task_1.app */;
			productType = "com.apple.product-type.application";
		};
/* End PBXNativeTarget section */

/* Begin PBXProject section */
		30C327F42499438400C9D0ED /* Project object */ = {
			isa = PBXProject;
			attributes = {
				LastSwiftUpdateCheck = 1150;
				LastUpgradeCheck = 1150;
				ORGANIZATIONNAME = "Роман Захаров";
				TargetAttributes = {
					30C327FB2499438400C9D0ED = {
						CreatedOnToolsVersion = 11.5;
					};
				};
			};
			buildConfigurationList = 30C327F72499438400C9D0ED /* Build configuration list for PBXProject "HW2_9_Task_1" */;
			compatibilityVersion = "Xcode 9.3";
			developmentRegion = en;
			hasScannedForEncodings = 0;
			knownRegions = (
				en,
				Base,
			);
			mainGroup = 30C327F32499438400C9D0ED;
			productRefGroup = 30C327FD2499438400C9D0ED /* Products */;
			projectDirPath = "";
			projectRoot = "";
			targets = (
				30C327FB2499438400C9D0ED /* HW2_9_Task_1 */,
			);
		};
/* End PBXProject section */

/* Begin PBXResourcesBuildPhase section */
		30C327FA2499438400C9D0ED /* Resources */ = {
			isa = PBXResourcesBuildPhase;
			buildActionMask = 2147483647;
			files = (
				30C3280C2499438500C9D0ED /* LaunchScreen.storyboard in Resources */,
				30C328092499438500C9D0ED /* Assets.xcassets in Resources */,
				30C328072499438400C9D0ED /* Main.storyboard in Resources */,
			);
			runOnlyForDeploymentPostprocessing = 0;
		};
/* End PBXResourcesBuildPhase section */

/* Begin PBXShellScriptBuildPhase section */
		28CEA20A3A00C0BBFBEDDAFF /* [CP] Check Pods Manifest.lock */ = {
			isa = PBXShellScriptBuildPhase;
			buildActionMask = 2147483647;
			files = (
			);
			inputFileListPaths = (
			);
			inputPaths = (
				"${PODS_PODFILE_DIR_PATH}/Podfile.lock",
				"${PODS_ROOT}/Manifest.lock",
			);
			name = "[CP] Check Pods Manifest.lock";
			outputFileListPaths = (
			);
			outputPaths = (
				"$(DERIVED_FILE_DIR)/Pods-HW2_9_Task_1-checkManifestLockResult.txt",
			);
			runOnlyForDeploymentPostprocessing = 0;
			shellPath = /bin/sh;
			shellScript = "diff \"${PODS_PODFILE_DIR_PATH}/Podfile.lock\" \"${PODS_ROOT}/Manifest.lock\" > /dev/null\nif [ $? != 0 ] ; then\n    # print error to STDERR\n    echo \"error: The sandbox is not in sync with the Podfile.lock. Run 'pod install' or update your CocoaPods installation.\" >&2\n    exit 1\nfi\n# This output is used by Xcode 'outputs' to avoid re-running this script phase.\necho \"SUCCESS\" > \"${SCRIPT_OUTPUT_FILE_0}\"\n";
			showEnvVarsInLog = 0;
		};
		AFA58AF82FA2AC0852808A6B /* [CP] Embed Pods Frameworks */ = {
			isa = PBXShellScriptBuildPhase;
			buildActionMask = 2147483647;
			files = (
			);
			inputFileListPaths = (
				"${PODS_ROOT}/Target Support Files/Pods-HW2_9_Task_1/Pods-HW2_9_Task_1-frameworks-${CONFIGURATION}-input-files.xcfilelist",
			);
			name = "[CP] Embed Pods Frameworks";
			outputFileListPaths = (
				"${PODS_ROOT}/Target Support Files/Pods-HW2_9_Task_1/Pods-HW2_9_Task_1-frameworks-${CONFIGURATION}-output-files.xcfilelist",
			);
			runOnlyForDeploymentPostprocessing = 0;
			shellPath = /bin/sh;
			shellScript = "\"${PODS_ROOT}/Target Support Files/Pods-HW2_9_Task_1/Pods-HW2_9_Task_1-frameworks.sh\"\n";
			showEnvVarsInLog = 0;
		};
/* End PBXShellScriptBuildPhase section */

/* Begin PBXSourcesBuildPhase section */
		30C327F82499438400C9D0ED /* Sources */ = {
			isa = PBXSourcesBuildPhase;
			buildActionMask = 2147483647;
			files = (
				30C328042499438400C9D0ED /* ViewController.swift in Sources */,
				30C328002499438400C9D0ED /* AppDelegate.swift in Sources */,
				30C328022499438400C9D0ED /* SceneDelegate.swift in Sources */,
			);
			runOnlyForDeploymentPostprocessing = 0;
		};
/* End PBXSourcesBuildPhase section */

/* Begin PBXVariantGroup section */
		30C328052499438400C9D0ED /* Main.storyboard */ = {
			isa = PBXVariantGroup;
			children = (
				30C328062499438400C9D0ED /* Base */,
			);
			name = Main.storyboard;
			sourceTree = "<group>";
		};
		30C3280A2499438500C9D0ED /* LaunchScreen.storyboard */ = {
			isa = PBXVariantGroup;
			children = (
				30C3280B2499438500C9D0ED /* Base */,
			);
			name = LaunchScreen.storyboard;
			sourceTree = "<group>";
		};
/* End PBXVariantGroup section */

/* Begin XCBuildConfiguration section */
		30C3280E2499438500C9D0ED /* Debug */ = {
			isa = XCBuildConfiguration;
			buildSettings = {
				ALWAYS_SEARCH_USER_PATHS = NO;
				CLANG_ANALYZER_NONNULL = YES;
				CLANG_ANALYZER_NUMBER_OBJECT_CONVERSION = YES_AGGRESSIVE;
				CLANG_CXX_LANGUAGE_STANDARD = "gnu++14";
				CLANG_CXX_LIBRARY = "libc++";
				CLANG_ENABLE_MODULES = YES;
				CLANG_ENABLE_OBJC_ARC = YES;
				CLANG_ENABLE_OBJC_WEAK = YES;
				CLANG_WARN_BLOCK_CAPTURE_AUTORELEASING = YES;
				CLANG_WARN_BOOL_CONVERSION = YES;
				CLANG_WARN_COMMA = YES;
				CLANG_WARN_CONSTANT_CONVERSION = YES;
				CLANG_WARN_DEPRECATED_OBJC_IMPLEMENTATIONS = YES;
				CLANG_WARN_DIRECT_OBJC_ISA_USAGE = YES_ERROR;
				CLANG_WARN_DOCUMENTATION_COMMENTS = YES;
				CLANG_WARN_EMPTY_BODY = YES;
				CLANG_WARN_ENUM_CONVERSION = YES;
				CLANG_WARN_INFINITE_RECURSION = YES;
				CLANG_WARN_INT_CONVERSION = YES;
				CLANG_WARN_NON_LITERAL_NULL_CONVERSION = YES;
				CLANG_WARN_OBJC_IMPLICIT_RETAIN_SELF = YES;
				CLANG_WARN_OBJC_LITERAL_CONVERSION = YES;
				CLANG_WARN_OBJC_ROOT_CLASS = YES_ERROR;
				CLANG_WARN_RANGE_LOOP_ANALYSIS = YES;
				CLANG_WARN_STRICT_PROTOTYPES = YES;
				CLANG_WARN_SUSPICIOUS_MOVE = YES;
				CLANG_WARN_UNGUARDED_AVAILABILITY = YES_AGGRESSIVE;
				CLANG_WARN_UNREACHABLE_CODE = YES;
				CLANG_WARN__DUPLICATE_METHOD_MATCH = YES;
				COPY_PHASE_STRIP = NO;
				DEBUG_INFORMATION_FORMAT = dwarf;
				ENABLE_STRICT_OBJC_MSGSEND = YES;
				ENABLE_TESTABILITY = YES;
				GCC_C_LANGUAGE_STANDARD = gnu11;
				GCC_DYNAMIC_NO_PIC = NO;
				GCC_NO_COMMON_BLOCKS = YES;
				GCC_OPTIMIZATION_LEVEL = 0;
				GCC_PREPROCESSOR_DEFINITIONS = (
					"DEBUG=1",
					"$(inherited)",
				);
				GCC_WARN_64_TO_32_BIT_CONVERSION = YES;
				GCC_WARN_ABOUT_RETURN_TYPE = YES_ERROR;
				GCC_WARN_UNDECLARED_SELECTOR = YES;
				GCC_WARN_UNINITIALIZED_AUTOS = YES_AGGRESSIVE;
				GCC_WARN_UNUSED_FUNCTION = YES;
				GCC_WARN_UNUSED_VARIABLE = YES;
				IPHONEOS_DEPLOYMENT_TARGET = 13.5;
				MTL_ENABLE_DEBUG_INFO = INCLUDE_SOURCE;
				MTL_FAST_MATH = YES;
				ONLY_ACTIVE_ARCH = YES;
				SDKROOT = iphoneos;
				SWIFT_ACTIVE_COMPILATION_CONDITIONS = DEBUG;
				SWIFT_OPTIMIZATION_LEVEL = "-Onone";
			};
			name = Debug;
		};
		30C3280F2499438500C9D0ED /* Release */ = {
			isa = XCBuildConfiguration;
			buildSettings = {
				ALWAYS_SEARCH_USER_PATHS = NO;
				CLANG_ANALYZER_NONNULL = YES;
				CLANG_ANALYZER_NUMBER_OBJECT_CONVERSION = YES_AGGRESSIVE;
				CLANG_CXX_LANGUAGE_STANDARD = "gnu++14";
				CLANG_CXX_LIBRARY = "libc++";
				CLANG_ENABLE_MODULES = YES;
				CLANG_ENABLE_OBJC_ARC = YES;
				CLANG_ENABLE_OBJC_WEAK = YES;
				CLANG_WARN_BLOCK_CAPTURE_AUTORELEASING = YES;
				CLANG_WARN_BOOL_CONVERSION = YES;
				CLANG_WARN_COMMA = YES;
				CLANG_WARN_CONSTANT_CONVERSION = YES;
				CLANG_WARN_DEPRECATED_OBJC_IMPLEMENTATIONS = YES;
				CLANG_WARN_DIRECT_OBJC_ISA_USAGE = YES_ERROR;
				CLANG_WARN_DOCUMENTATION_COMMENTS = YES;
				CLANG_WARN_EMPTY_BODY = YES;
				CLANG_WARN_ENUM_CONVERSION = YES;
				CLANG_WARN_INFINITE_RECURSION = YES;
				CLANG_WARN_INT_CONVERSION = YES;
				CLANG_WARN_NON_LITERAL_NULL_CONVERSION = YES;
				CLANG_WARN_OBJC_IMPLICIT_RETAIN_SELF = YES;
				CLANG_WARN_OBJC_LITERAL_CONVERSION = YES;
				CLANG_WARN_OBJC_ROOT_CLASS = YES_ERROR;
				CLANG_WARN_RANGE_LOOP_ANALYSIS = YES;
				CLANG_WARN_STRICT_PROTOTYPES = YES;
				CLANG_WARN_SUSPICIOUS_MOVE = YES;
				CLANG_WARN_UNGUARDED_AVAILABILITY = YES_AGGRESSIVE;
				CLANG_WARN_UNREACHABLE_CODE = YES;
				CLANG_WARN__DUPLICATE_METHOD_MATCH = YES;
				COPY_PHASE_STRIP = NO;
				DEBUG_INFORMATION_FORMAT = "dwarf-with-dsym";
				ENABLE_NS_ASSERTIONS = NO;
				ENABLE_STRICT_OBJC_MSGSEND = YES;
				GCC_C_LANGUAGE_STANDARD = gnu11;
				GCC_NO_COMMON_BLOCKS = YES;
				GCC_WARN_64_TO_32_BIT_CONVERSION = YES;
				GCC_WARN_ABOUT_RETURN_TYPE = YES_ERROR;
				GCC_WARN_UNDECLARED_SELECTOR = YES;
				GCC_WARN_UNINITIALIZED_AUTOS = YES_AGGRESSIVE;
				GCC_WARN_UNUSED_FUNCTION = YES;
				GCC_WARN_UNUSED_VARIABLE = YES;
				IPHONEOS_DEPLOYMENT_TARGET = 13.5;
				MTL_ENABLE_DEBUG_INFO = NO;
				MTL_FAST_MATH = YES;
				SDKROOT = iphoneos;
				SWIFT_COMPILATION_MODE = wholemodule;
				SWIFT_OPTIMIZATION_LEVEL = "-O";
				VALIDATE_PRODUCT = YES;
			};
			name = Release;
		};
		30C328112499438500C9D0ED /* Debug */ = {
			isa = XCBuildConfiguration;
			baseConfigurationReference = AC7342CBE5C7EFE50EBEE1FF /* Pods-HW2_9_Task_1.debug.xcconfig */;
			buildSettings = {
				ASSETCATALOG_COMPILER_APPICON_NAME = AppIcon;
				CODE_SIGN_STYLE = Automatic;
				DEVELOPMENT_TEAM = 9A42232N73;
				INFOPLIST_FILE = HW2_9_Task_1/SupportingFiles/Info.plist;
				LD_RUNPATH_SEARCH_PATHS = (
					"$(inherited)",
					"@executable_path/Frameworks",
				);
				PRODUCT_BUNDLE_IDENTIFIER = "ru.swiftbook.HW2-9-Task-1";
				PRODUCT_NAME = "$(TARGET_NAME)";
				SWIFT_VERSION = 5.0;
				TARGETED_DEVICE_FAMILY = "1,2";
			};
			name = Debug;
		};
		30C328122499438500C9D0ED /* Release */ = {
			isa = XCBuildConfiguration;
			baseConfigurationReference = 46E26E72B4D446979AA4E873 /* Pods-HW2_9_Task_1.release.xcconfig */;
			buildSettings = {
				ASSETCATALOG_COMPILER_APPICON_NAME = AppIcon;
				CODE_SIGN_STYLE = Automatic;
				DEVELOPMENT_TEAM = 9A42232N73;
				INFOPLIST_FILE = HW2_9_Task_1/SupportingFiles/Info.plist;
				LD_RUNPATH_SEARCH_PATHS = (
					"$(inherited)",
					"@executable_path/Frameworks",
				);
				PRODUCT_BUNDLE_IDENTIFIER = "ru.swiftbook.HW2-9-Task-1";
				PRODUCT_NAME = "$(TARGET_NAME)";
				SWIFT_VERSION = 5.0;
				TARGETED_DEVICE_FAMILY = "1,2";
			};
			name = Release;
		};
/* End XCBuildConfiguration section */

/* Begin XCConfigurationList section */
		30C327F72499438400C9D0ED /* Build configuration list for PBXProject "HW2_9_Task_1" */ = {
			isa = XCConfigurationList;
			buildConfigurations = (
				30C3280E2499438500C9D0ED /* Debug */,
				30C3280F2499438500C9D0ED /* Release */,
			);
			defaultConfigurationIsVisible = 0;
			defaultConfigurationName = Release;
		};
		30C328102499438500C9D0ED /* Build configuration list for PBXNativeTarget "HW2_9_Task_1" */ = {
			isa = XCConfigurationList;
			buildConfigurations = (
				30C328112499438500C9D0ED /* Debug */,
				30C328122499438500C9D0ED /* Release */,
			);
			defaultConfigurationIsVisible = 0;
			defaultConfigurationName = Release;
		};
/* End XCConfigurationList section */
	};
	rootObject = 30C327F42499438400C9D0ED /* Project object */;
}
